{
  "requires": true,
  "lockfileVersion": 1,
  "dependencies": {
    "hoist-non-react-statics": {
      "version": "3.2.1",
      "resolved": "https://registry.npmjs.org/hoist-non-react-statics/-/hoist-non-react-statics-3.2.1.tgz",
      "integrity": "sha512-TFsu3TV3YLY+zFTZDrN8L2DTFanObwmBLpWvJs1qfUuEQ5bTAdFcwfx2T/bsCXfM9QHSLvjfP+nihEl0yvozxw==",
      "requires": {
        "react-is": "16.6.3"
      }
    },
    "mobx": {
      "version": "5.7.0",
      "resolved": "https://registry.npmjs.org/mobx/-/mobx-5.7.0.tgz",
      "integrity": "sha512-i+EwjPLq/QSvOFtAuhcd5FFWDxWK3gCJCFbW5dhgc4wsaHB/cL6DEVms3vZDgc2txWcfzjYWfknjggE/c0c4fw=="
    },
    "mobx-react": {
      "version": "5.4.2",
      "resolved": "https://registry.npmjs.org/mobx-react/-/mobx-react-5.4.2.tgz",
      "integrity": "sha512-alSN0KDAAOb1OkYujfoJjjk0JWxWRKO4sLGB4hN2CuvaJMrlj7bhGQe7CBMJvEFNjtJRbhJcquYVjQ3rrH2zQQ==",
      "requires": {
        "hoist-non-react-statics": "3.2.1",
        "react-lifecycles-compat": "3.0.4"
      }
    },
    "react-is": {
      "version": "16.6.3",
      "resolved": "https://registry.npmjs.org/react-is/-/react-is-16.6.3.tgz",
      "integrity": "sha512-u7FDWtthB4rWibG/+mFbVd5FvdI20yde86qKGx4lVUTWmPlSWQ4QxbBIrrs+HnXGbxOUlUzTAP/VDmvCwaP2yA=="
    },
    "react-lifecycles-compat": {
      "version": "3.0.4",
      "resolved": "https://registry.npmjs.org/react-lifecycles-compat/-/react-lifecycles-compat-3.0.4.tgz",
      "integrity": "sha512-fBASbA6LnOU9dOU2eW7aQ8xmYBSXUIWr+UmF9b1efZBazGNO+rcXT/icdKnYm2pTwcRylVUYwW7H1PHfLekVzA=="
    }
  }
}
